
Microsoft Visual Studio Solution File, Format Version 12.00
# Visual Studio 15
VisualStudioVersion = 15.0.28307.489
MinimumVisualStudioVersion = 10.0.40219.1
Project("{FAE04EC0-301F-11D3-BF4B-00C04F79EFBC}") = "DeptartmentsAndEmployees", "DeptartmentsAndEmployees\DeptartmentsAndEmployees.csproj", "{3CBAC786-19AA-4ECC-8209-04416BB972CB}"
EndProject
Global
	GlobalSection(SolutionConfigurationPlatforms) = preSolution
		Debug|Any CPU = Debug|Any CPU
		Release|Any CPU = Release|Any CPU
	EndGlobalSection
	GlobalSection(ProjectConfigurationPlatforms) = postSolution
		{3CBAC786-19AA-4ECC-8209-04416BB972CB}.Debug|Any CPU.ActiveCfg = Debug|Any CPU
		{3CBAC786-19AA-4ECC-8209-04416BB972CB}.Debug|Any CPU.Build.0 = Debug|Any CPU
		{3CBAC786-19AA-4ECC-8209-04416BB972CB}.Release|Any CPU.ActiveCfg = Release|Any CPU
		{3CBAC786-19AA-4ECC-8209-04416BB972CB}.Release|Any CPU.Build.0 = Release|Any CPU
	EndGlobalSection
	GlobalSection(SolutionProperties) = preSolution
		HideSolutionNode = FALSE
	EndGlobalSection
	GlobalSection(ExtensibilityGlobals) = postSolution
		SolutionGuid = {0053ECE1-231D-430F-AEA2-E822446989A0}
	EndGlobalSection
EndGlobal
